{
  "object": {
    "pins": [
      {
        "package": "PromiseKit",
        "repositoryURL": "git@github.com:mxcl/PromiseKit.git",
        "state": {
          "branch": null,
          "revision": "ceda08329824ffff8055003c92fe05421f9efea3",
          "version": "6.3.0"
        }
      },
      {
        "package": "swift-package-directory",
        "repositoryURL": "/Users/kylenewsome/Development/personal/swift-package-directory",
        "state": {
          "branch": null,
          "revision": "cda4a90344d2321dc2cae40d35cde32307da4f7c",
          "version": "0.0.2"
        }
      }
    ]
  },
  "version": 1
}
